
Microsoft Visual Studio Solution File, Format Version 12.00
# Visual Studio Version 17
VisualStudioVersion = 17.7.34202.233
MinimumVisualStudioVersion = 10.0.40219.1
Project("{2150E333-8FDC-42A3-9474-1A3956D46DE8}") = "src", "src", "{54203218-B9FB-4402-BC36-87AF6354FC72}"
EndProject
Project("{2150E333-8FDC-42A3-9474-1A3956D46DE8}") = "core", "core", "{FAAFB274-1E47-403D-B3B0-88FE060DC5C1}"
EndProject
Project("{2150E333-8FDC-42A3-9474-1A3956D46DE8}") = "shared", "shared", "{7A89D039-1DCA-4DA8-A3A4-D51A91F24ED0}"
EndProject
Project("{FAE04EC0-301F-11D3-BF4B-00C04F79EFBC}") = "RideRealTime", "RideRealTime\RideRealTime.csproj", "{7F22EEF9-B3BE-4EFE-B26F-12D9884304F7}"
EndProject
Project("{FAE04EC0-301F-11D3-BF4B-00C04F79EFBC}") = "DTOs", "DTOs\DTOs.csproj", "{07051DB1-03DE-4C9B-9BF7-C264B8FA545F}"
EndProject
Project("{FAE04EC0-301F-11D3-BF4B-00C04F79EFBC}") = "Abstraction", "Abstraction\Abstraction.csproj", "{33447973-0A5C-4874-A72E-D5DD7DA436F9}"
EndProject
Global
	GlobalSection(SolutionConfigurationPlatforms) = preSolution
		Debug|Any CPU = Debug|Any CPU
		Release|Any CPU = Release|Any CPU
	EndGlobalSection
	GlobalSection(ProjectConfigurationPlatforms) = postSolution
		{7F22EEF9-B3BE-4EFE-B26F-12D9884304F7}.Debug|Any CPU.ActiveCfg = Debug|Any CPU
		{7F22EEF9-B3BE-4EFE-B26F-12D9884304F7}.Debug|Any CPU.Build.0 = Debug|Any CPU
		{7F22EEF9-B3BE-4EFE-B26F-12D9884304F7}.Release|Any CPU.ActiveCfg = Release|Any CPU
		{7F22EEF9-B3BE-4EFE-B26F-12D9884304F7}.Release|Any CPU.Build.0 = Release|Any CPU
		{07051DB1-03DE-4C9B-9BF7-C264B8FA545F}.Debug|Any CPU.ActiveCfg = Debug|Any CPU
		{07051DB1-03DE-4C9B-9BF7-C264B8FA545F}.Debug|Any CPU.Build.0 = Debug|Any CPU
		{07051DB1-03DE-4C9B-9BF7-C264B8FA545F}.Release|Any CPU.ActiveCfg = Release|Any CPU
		{07051DB1-03DE-4C9B-9BF7-C264B8FA545F}.Release|Any CPU.Build.0 = Release|Any CPU
		{33447973-0A5C-4874-A72E-D5DD7DA436F9}.Debug|Any CPU.ActiveCfg = Debug|Any CPU
		{33447973-0A5C-4874-A72E-D5DD7DA436F9}.Debug|Any CPU.Build.0 = Debug|Any CPU
		{33447973-0A5C-4874-A72E-D5DD7DA436F9}.Release|Any CPU.ActiveCfg = Release|Any CPU
		{33447973-0A5C-4874-A72E-D5DD7DA436F9}.Release|Any CPU.Build.0 = Release|Any CPU
	EndGlobalSection
	GlobalSection(SolutionProperties) = preSolution
		HideSolutionNode = FALSE
	EndGlobalSection
	GlobalSection(NestedProjects) = preSolution
		{7F22EEF9-B3BE-4EFE-B26F-12D9884304F7} = {54203218-B9FB-4402-BC36-87AF6354FC72}
		{07051DB1-03DE-4C9B-9BF7-C264B8FA545F} = {7A89D039-1DCA-4DA8-A3A4-D51A91F24ED0}
		{33447973-0A5C-4874-A72E-D5DD7DA436F9} = {FAAFB274-1E47-403D-B3B0-88FE060DC5C1}
	EndGlobalSection
	GlobalSection(ExtensibilityGlobals) = postSolution
		SolutionGuid = {AB2EE561-BFF5-4952-80DD-E9BACD8BF80F}
	EndGlobalSection
EndGlobal
